
Microsoft Visual Studio Solution File, Format Version 12.00
# Visual Studio Version 17
VisualStudioVersion = 17.2.32602.215
MinimumVisualStudioVersion = 10.0.40219.1
Project("{2150E333-8FDC-42A3-9474-1A3956D46DE8}") = "src", "src", "{F4F146F0-AD29-4E8D-881B-9446AE87206D}"
EndProject
Project("{2150E333-8FDC-42A3-9474-1A3956D46DE8}") = "test", "test", "{C9A51CBB-4A89-4092-BCD1-60664CE0542D}"
EndProject
Project("{2150E333-8FDC-42A3-9474-1A3956D46DE8}") = "application", "application", "{70594164-42E4-41E1-8449-A26432287D2A}"
EndProject
Project("{2150E333-8FDC-42A3-9474-1A3956D46DE8}") = "interface", "interface", "{41A1FE65-A9CF-42E6-B11E-4C74911160E1}"
EndProject
Project("{2150E333-8FDC-42A3-9474-1A3956D46DE8}") = "domain", "domain", "{FE76DD29-07C6-4C44-813A-C7A2DB157B4C}"
EndProject
Project("{2150E333-8FDC-42A3-9474-1A3956D46DE8}") = "infra", "infra", "{A8F8338A-E6B0-4950-B48E-C2954FDEAFDA}"
EndProject
Project("{2150E333-8FDC-42A3-9474-1A3956D46DE8}") = "infra", "infra", "{6E6ABA41-3DA5-477E-80E9-4ACC42ACE372}"
EndProject
Project("{2150E333-8FDC-42A3-9474-1A3956D46DE8}") = "domain", "domain", "{A1E471DB-5FA1-486B-802D-FB060BA4C002}"
EndProject
Project("{2150E333-8FDC-42A3-9474-1A3956D46DE8}") = "application", "application", "{460AAE1C-03F1-4341-B6F4-4006D38600D7}"
EndProject
Project("{2150E333-8FDC-42A3-9474-1A3956D46DE8}") = "interface", "interface", "{87E41D6A-34D0-4D7C-A0A1-84C537C27B0D}"
EndProject
Project("{9A19103F-16F7-4668-BE54-9A1E7A4F7556}") = "Api", "src\interface\Api\Api.csproj", "{6EAC0480-BF30-43CB-A13A-C6A7A799BC0D}"
EndProject
Project("{2150E333-8FDC-42A3-9474-1A3956D46DE8}") = "Itens de Solução", "Itens de Solução", "{6ED61E07-6E12-47B3-B893-633C22C9E3C3}"
	ProjectSection(SolutionItems) = preProject
		docker-compose.yml = docker-compose.yml
		Dockerfile = Dockerfile
		README.md = README.md
	EndProjectSection
EndProject
Project("{9A19103F-16F7-4668-BE54-9A1E7A4F7556}") = "Repository.Cache", "src\infra\Repository.Cache\Repository.Cache.csproj", "{868B85F3-DD15-4C5D-B5D7-6C3C7474371F}"
EndProject
Project("{9A19103F-16F7-4668-BE54-9A1E7A4F7556}") = "Repository.Cache.Redis", "src\infra\Repository.Cache.Redis\Repository.Cache.Redis.csproj", "{65032281-C40E-4524-864F-C2486871E269}"
EndProject
Project("{9A19103F-16F7-4668-BE54-9A1E7A4F7556}") = "DependencyInjection", "src\infra\DependencyInjection\DependencyInjection.csproj", "{3A144C08-DB17-40D2-8526-B91EF1C9CCB2}"
EndProject
Project("{9A19103F-16F7-4668-BE54-9A1E7A4F7556}") = "Dependencies", "src\infra\Dependencies\Dependencies.csproj", "{D7866E46-A0EC-48B9-840E-BE0827C7C28B}"
EndProject
Project("{9A19103F-16F7-4668-BE54-9A1E7A4F7556}") = "Application", "src\application\Application\Application.csproj", "{7528DFFD-2639-4656-9606-D8307DFFB8BB}"
EndProject
Project("{9A19103F-16F7-4668-BE54-9A1E7A4F7556}") = "Application.Test", "test\application\Application.Test\Application.Test.csproj", "{1A14F959-7691-4D67-AB3C-B9C8C5D74BCD}"
EndProject
Project("{9A19103F-16F7-4668-BE54-9A1E7A4F7556}") = "Repository.Cache.Redis.Test", "test\infra\Repository.Cache.Redis.Test\Repository.Cache.Redis.Test.csproj", "{E4DB3921-7EA0-4808-94C6-B83D66018778}"
EndProject
Project("{9A19103F-16F7-4668-BE54-9A1E7A4F7556}") = "Domain", "src\domain\Domain\Domain.csproj", "{13B60F29-8476-4DAC-8E28-6B74F088263F}"
EndProject
Project("{9A19103F-16F7-4668-BE54-9A1E7A4F7556}") = "Api.Test", "test\interface\Api.Test\Api.Test.csproj", "{54415DBB-882B-4F94-803C-5598C751F409}"
EndProject
Project("{9A19103F-16F7-4668-BE54-9A1E7A4F7556}") = "ExternalInterfaces", "src\infra\ExternalInterfaces\ExternalInterfaces.csproj", "{D395549D-F3ED-4C67-B89E-1107B42C5AE1}"
EndProject
Project("{FAE04EC0-301F-11D3-BF4B-00C04F79EFBC}") = "ExternalInterfaces.Test", "ExternalInterfaces.Test\ExternalInterfaces.Test.csproj", "{61CFA988-C655-49BC-944D-C82BC92E87EF}"
EndProject
Global
	GlobalSection(SolutionConfigurationPlatforms) = preSolution
		Debug|Any CPU = Debug|Any CPU
		Release|Any CPU = Release|Any CPU
	EndGlobalSection
	GlobalSection(ProjectConfigurationPlatforms) = postSolution
		{6EAC0480-BF30-43CB-A13A-C6A7A799BC0D}.Debug|Any CPU.ActiveCfg = Debug|Any CPU
		{6EAC0480-BF30-43CB-A13A-C6A7A799BC0D}.Debug|Any CPU.Build.0 = Debug|Any CPU
		{6EAC0480-BF30-43CB-A13A-C6A7A799BC0D}.Release|Any CPU.ActiveCfg = Release|Any CPU
		{6EAC0480-BF30-43CB-A13A-C6A7A799BC0D}.Release|Any CPU.Build.0 = Release|Any CPU
		{868B85F3-DD15-4C5D-B5D7-6C3C7474371F}.Debug|Any CPU.ActiveCfg = Debug|Any CPU
		{868B85F3-DD15-4C5D-B5D7-6C3C7474371F}.Debug|Any CPU.Build.0 = Debug|Any CPU
		{868B85F3-DD15-4C5D-B5D7-6C3C7474371F}.Release|Any CPU.ActiveCfg = Release|Any CPU
		{868B85F3-DD15-4C5D-B5D7-6C3C7474371F}.Release|Any CPU.Build.0 = Release|Any CPU
		{65032281-C40E-4524-864F-C2486871E269}.Debug|Any CPU.ActiveCfg = Debug|Any CPU
		{65032281-C40E-4524-864F-C2486871E269}.Debug|Any CPU.Build.0 = Debug|Any CPU
		{65032281-C40E-4524-864F-C2486871E269}.Release|Any CPU.ActiveCfg = Release|Any CPU
		{65032281-C40E-4524-864F-C2486871E269}.Release|Any CPU.Build.0 = Release|Any CPU
		{3A144C08-DB17-40D2-8526-B91EF1C9CCB2}.Debug|Any CPU.ActiveCfg = Debug|Any CPU
		{3A144C08-DB17-40D2-8526-B91EF1C9CCB2}.Debug|Any CPU.Build.0 = Debug|Any CPU
		{3A144C08-DB17-40D2-8526-B91EF1C9CCB2}.Release|Any CPU.ActiveCfg = Release|Any CPU
		{3A144C08-DB17-40D2-8526-B91EF1C9CCB2}.Release|Any CPU.Build.0 = Release|Any CPU
		{D7866E46-A0EC-48B9-840E-BE0827C7C28B}.Debug|Any CPU.ActiveCfg = Debug|Any CPU
		{D7866E46-A0EC-48B9-840E-BE0827C7C28B}.Debug|Any CPU.Build.0 = Debug|Any CPU
		{D7866E46-A0EC-48B9-840E-BE0827C7C28B}.Release|Any CPU.ActiveCfg = Release|Any CPU
		{D7866E46-A0EC-48B9-840E-BE0827C7C28B}.Release|Any CPU.Build.0 = Release|Any CPU
		{7528DFFD-2639-4656-9606-D8307DFFB8BB}.Debug|Any CPU.ActiveCfg = Debug|Any CPU
		{7528DFFD-2639-4656-9606-D8307DFFB8BB}.Debug|Any CPU.Build.0 = Debug|Any CPU
		{7528DFFD-2639-4656-9606-D8307DFFB8BB}.Release|Any CPU.ActiveCfg = Release|Any CPU
		{7528DFFD-2639-4656-9606-D8307DFFB8BB}.Release|Any CPU.Build.0 = Release|Any CPU
		{1A14F959-7691-4D67-AB3C-B9C8C5D74BCD}.Debug|Any CPU.ActiveCfg = Debug|Any CPU
		{1A14F959-7691-4D67-AB3C-B9C8C5D74BCD}.Debug|Any CPU.Build.0 = Debug|Any CPU
		{1A14F959-7691-4D67-AB3C-B9C8C5D74BCD}.Release|Any CPU.ActiveCfg = Release|Any CPU
		{1A14F959-7691-4D67-AB3C-B9C8C5D74BCD}.Release|Any CPU.Build.0 = Release|Any CPU
		{E4DB3921-7EA0-4808-94C6-B83D66018778}.Debug|Any CPU.ActiveCfg = Debug|Any CPU
		{E4DB3921-7EA0-4808-94C6-B83D66018778}.Debug|Any CPU.Build.0 = Debug|Any CPU
		{E4DB3921-7EA0-4808-94C6-B83D66018778}.Release|Any CPU.ActiveCfg = Release|Any CPU
		{E4DB3921-7EA0-4808-94C6-B83D66018778}.Release|Any CPU.Build.0 = Release|Any CPU
		{13B60F29-8476-4DAC-8E28-6B74F088263F}.Debug|Any CPU.ActiveCfg = Debug|Any CPU
		{13B60F29-8476-4DAC-8E28-6B74F088263F}.Debug|Any CPU.Build.0 = Debug|Any CPU
		{13B60F29-8476-4DAC-8E28-6B74F088263F}.Release|Any CPU.ActiveCfg = Release|Any CPU
		{13B60F29-8476-4DAC-8E28-6B74F088263F}.Release|Any CPU.Build.0 = Release|Any CPU
		{54415DBB-882B-4F94-803C-5598C751F409}.Debug|Any CPU.ActiveCfg = Debug|Any CPU
		{54415DBB-882B-4F94-803C-5598C751F409}.Debug|Any CPU.Build.0 = Debug|Any CPU
		{54415DBB-882B-4F94-803C-5598C751F409}.Release|Any CPU.ActiveCfg = Release|Any CPU
		{54415DBB-882B-4F94-803C-5598C751F409}.Release|Any CPU.Build.0 = Release|Any CPU
		{D395549D-F3ED-4C67-B89E-1107B42C5AE1}.Debug|Any CPU.ActiveCfg = Debug|Any CPU
		{D395549D-F3ED-4C67-B89E-1107B42C5AE1}.Debug|Any CPU.Build.0 = Debug|Any CPU
		{D395549D-F3ED-4C67-B89E-1107B42C5AE1}.Release|Any CPU.ActiveCfg = Release|Any CPU
		{D395549D-F3ED-4C67-B89E-1107B42C5AE1}.Release|Any CPU.Build.0 = Release|Any CPU
		{61CFA988-C655-49BC-944D-C82BC92E87EF}.Debug|Any CPU.ActiveCfg = Debug|Any CPU
		{61CFA988-C655-49BC-944D-C82BC92E87EF}.Debug|Any CPU.Build.0 = Debug|Any CPU
		{61CFA988-C655-49BC-944D-C82BC92E87EF}.Release|Any CPU.ActiveCfg = Release|Any CPU
		{61CFA988-C655-49BC-944D-C82BC92E87EF}.Release|Any CPU.Build.0 = Release|Any CPU
	EndGlobalSection
	GlobalSection(SolutionProperties) = preSolution
		HideSolutionNode = FALSE
	EndGlobalSection
	GlobalSection(NestedProjects) = preSolution
		{70594164-42E4-41E1-8449-A26432287D2A} = {F4F146F0-AD29-4E8D-881B-9446AE87206D}
		{41A1FE65-A9CF-42E6-B11E-4C74911160E1} = {F4F146F0-AD29-4E8D-881B-9446AE87206D}
		{FE76DD29-07C6-4C44-813A-C7A2DB157B4C} = {F4F146F0-AD29-4E8D-881B-9446AE87206D}
		{A8F8338A-E6B0-4950-B48E-C2954FDEAFDA} = {F4F146F0-AD29-4E8D-881B-9446AE87206D}
		{6E6ABA41-3DA5-477E-80E9-4ACC42ACE372} = {C9A51CBB-4A89-4092-BCD1-60664CE0542D}
		{A1E471DB-5FA1-486B-802D-FB060BA4C002} = {C9A51CBB-4A89-4092-BCD1-60664CE0542D}
		{460AAE1C-03F1-4341-B6F4-4006D38600D7} = {C9A51CBB-4A89-4092-BCD1-60664CE0542D}
		{87E41D6A-34D0-4D7C-A0A1-84C537C27B0D} = {C9A51CBB-4A89-4092-BCD1-60664CE0542D}
		{6EAC0480-BF30-43CB-A13A-C6A7A799BC0D} = {41A1FE65-A9CF-42E6-B11E-4C74911160E1}
		{868B85F3-DD15-4C5D-B5D7-6C3C7474371F} = {A8F8338A-E6B0-4950-B48E-C2954FDEAFDA}
		{65032281-C40E-4524-864F-C2486871E269} = {A8F8338A-E6B0-4950-B48E-C2954FDEAFDA}
		{3A144C08-DB17-40D2-8526-B91EF1C9CCB2} = {A8F8338A-E6B0-4950-B48E-C2954FDEAFDA}
		{D7866E46-A0EC-48B9-840E-BE0827C7C28B} = {A8F8338A-E6B0-4950-B48E-C2954FDEAFDA}
		{7528DFFD-2639-4656-9606-D8307DFFB8BB} = {70594164-42E4-41E1-8449-A26432287D2A}
		{1A14F959-7691-4D67-AB3C-B9C8C5D74BCD} = {460AAE1C-03F1-4341-B6F4-4006D38600D7}
		{E4DB3921-7EA0-4808-94C6-B83D66018778} = {6E6ABA41-3DA5-477E-80E9-4ACC42ACE372}
		{13B60F29-8476-4DAC-8E28-6B74F088263F} = {FE76DD29-07C6-4C44-813A-C7A2DB157B4C}
		{54415DBB-882B-4F94-803C-5598C751F409} = {87E41D6A-34D0-4D7C-A0A1-84C537C27B0D}
		{D395549D-F3ED-4C67-B89E-1107B42C5AE1} = {A8F8338A-E6B0-4950-B48E-C2954FDEAFDA}
		{61CFA988-C655-49BC-944D-C82BC92E87EF} = {6E6ABA41-3DA5-477E-80E9-4ACC42ACE372}
	EndGlobalSection
	GlobalSection(ExtensibilityGlobals) = postSolution
		SolutionGuid = {5460EF74-1426-46F5-A471-30D0C0F09907}
	EndGlobalSection
EndGlobal
